
Microsoft Visual Studio Solution File, Format Version 12.00
# Visual Studio Version 17
VisualStudioVersion = 17.6.33723.286
MinimumVisualStudioVersion = 10.0.40219.1
Project("{FAE04EC0-301F-11D3-BF4B-00C04F79EFBC}") = "Igupos", "Igupos\Igupos.csproj", "{51D9B4CB-20BC-4261-9B57-F7498F109C32}"
EndProject
Global
	GlobalSection(SolutionConfigurationPlatforms) = preSolution
		Debug|Any CPU = Debug|Any CPU
		Release|Any CPU = Release|Any CPU
	EndGlobalSection
	GlobalSection(ProjectConfigurationPlatforms) = postSolution
		{51D9B4CB-20BC-4261-9B57-F7498F109C32}.Debug|Any CPU.ActiveCfg = Debug|Any CPU
		{51D9B4CB-20BC-4261-9B57-F7498F109C32}.Debug|Any CPU.Build.0 = Debug|Any CPU
		{51D9B4CB-20BC-4261-9B57-F7498F109C32}.Release|Any CPU.ActiveCfg = Release|Any CPU
		{51D9B4CB-20BC-4261-9B57-F7498F109C32}.Release|Any CPU.Build.0 = Release|Any CPU
	EndGlobalSection
	GlobalSection(SolutionProperties) = preSolution
		HideSolutionNode = FALSE
	EndGlobalSection
	GlobalSection(ExtensibilityGlobals) = postSolution
		SolutionGuid = {D5FECCAC-C002-467C-B779-155B0F613848}
	EndGlobalSection
EndGlobal
